
Microsoft Visual Studio Solution File, Format Version 12.00
# Visual Studio Version 17
VisualStudioVersion = 17.5.002.0
MinimumVisualStudioVersion = 10.0.40219.1
Project("{9A19103F-16F7-4668-BE54-9A1E7A4F7556}") = "GetStations_7bfec3227d", "GetStations_7bfec3227d.csproj", "{1727EDF9-CEB6-4279-AE7E-6B30DBD23C3C}"
EndProject
Global
	GlobalSection(SolutionConfigurationPlatforms) = preSolution
		Debug|Any CPU = Debug|Any CPU
		Release|Any CPU = Release|Any CPU
	EndGlobalSection
	GlobalSection(ProjectConfigurationPlatforms) = postSolution
		{1727EDF9-CEB6-4279-AE7E-6B30DBD23C3C}.Debug|Any CPU.ActiveCfg = Debug|Any CPU
		{1727EDF9-CEB6-4279-AE7E-6B30DBD23C3C}.Debug|Any CPU.Build.0 = Debug|Any CPU
		{1727EDF9-CEB6-4279-AE7E-6B30DBD23C3C}.Release|Any CPU.ActiveCfg = Release|Any CPU
		{1727EDF9-CEB6-4279-AE7E-6B30DBD23C3C}.Release|Any CPU.Build.0 = Release|Any CPU
	EndGlobalSection
	GlobalSection(SolutionProperties) = preSolution
		HideSolutionNode = FALSE
	EndGlobalSection
	GlobalSection(ExtensibilityGlobals) = postSolution
		SolutionGuid = {92D79F3E-3B16-49CB-83E1-9E028D45E171}
	EndGlobalSection
EndGlobal
